<?xml version="1.0" encoding="utf-8"?>
<Project ToolsVersion="4.0" xmlns="http://schemas.microsoft.com/developer/msbuild/2003">
  <ItemGroup>
    <Filter Include="Source Files">
      <UniqueIdentifier>{4FC737F1-C7A5-4376-A066-2A32D752A2FF}</UniqueIdentifier>
      <Extensions>cpp;c;cc;cxx;c++;def;odl;idl;hpj;bat;asm;asmx</Extensions>
    </Filter>
    <Filter Include="Header Files">
      <UniqueIdentifier>{93995380-89BD-4b04-88EB-625FBE52EBFB}</UniqueIdentifier>
      <Extensions>h;hh;hpp;hxx;h++;hm;inl;inc;ipp;xsd</Extensions>
    </Filter>
    <Filter Include="Resource Files">
      <UniqueIdentifier>{67DA6AB6-F800-4c08-8B7A-83BB121AAD01}</UniqueIdentifier>
      <Extensions>rc;ico;cur;bmp;dlg;rc2;rct;bin;rgs;gif;jpg;jpeg;jpe;resx;tiff;tif;png;wav;mfcribbon-ms</Extensions>
    </Filter>
  </ItemGroup>
  <ItemGroup>
    <ClCompile Include="LeetCode_Solutions.cpp">
      <Filter>Source Files</Filter>
    </ClCompile>
    <ClCompile Include="Arithmetic Slices DP.cpp">
      <Filter>Source Files</Filter>
    </ClCompile>
    <ClCompile Include="Check if There is a Valid Path in a Grid.cpp">
      <Filter>Source Files</Filter>
    </ClCompile>
    <ClCompile Include="Combination Sum.cpp">
      <Filter>Source Files</Filter>
    </ClCompile>
    <ClCompile Include="Count_Palindromic_Substring DP.cpp">
      <Filter>Source Files</Filter>
    </ClCompile>
    <ClCompile Include="Counting numbers.cpp">
      <Filter>Source Files</Filter>
    </ClCompile>
    <ClCompile Include="Distant barcodes.cpp">
      <Filter>Source Files</Filter>
    </ClCompile>
    <ClCompile Include="Divide Array in Sets of K Consecutive Numbers.cpp">
      <Filter>Source Files</Filter>
    </ClCompile>
    <ClCompile Include="Find missing positive.cpp">
      <Filter>Source Files</Filter>
    </ClCompile>
    <ClCompile Include="Flowering plant with no adjacent.cpp">
      <Filter>Source Files</Filter>
    </ClCompile>
    <ClCompile Include="Four Divisors.cpp">
      <Filter>Source Files</Filter>
    </ClCompile>
    <ClCompile Include="Frog position after T seconds.cpp">
      <Filter>Source Files</Filter>
    </ClCompile>
    <ClCompile Include="Insert Interval.cpp">
      <Filter>Source Files</Filter>
    </ClCompile>
    <ClCompile Include="Keys and Rooms.cpp">
      <Filter>Source Files</Filter>
    </ClCompile>
    <ClCompile Include="K-Pair smallest sum.cpp">
      <Filter>Source Files</Filter>
    </ClCompile>
    <ClCompile Include="Longest Arithmetic Sequence In sorted array.cpp">
      <Filter>Source Files</Filter>
    </ClCompile>
    <ClCompile Include="Longest Arithmetic Sequence In UNSORTED array.cpp">
      <Filter>Source Files</Filter>
    </ClCompile>
    <ClCompile Include="Longest Common Subsequence DP.cpp">
      <Filter>Source Files</Filter>
    </ClCompile>
    <ClCompile Include="Longest ZigZag Path in a Binary Tree.cpp">
      <Filter>Source Files</Filter>
    </ClCompile>
    <ClCompile Include="M and N.cpp">
      <Filter>Source Files</Filter>
    </ClCompile>
    <ClCompile Include="Max level sum binary Tree.cpp">
      <Filter>Source Files</Filter>
    </ClCompile>
    <ClCompile Include="Minimum Window.cpp">
      <Filter>Source Files</Filter>
    </ClCompile>
    <ClCompile Include="Move Zeroes at end.cpp">
      <Filter>Source Files</Filter>
    </ClCompile>
    <ClCompile Include="Next Greater Element II.cpp">
      <Filter>Source Files</Filter>
    </ClCompile>
    <ClCompile Include="Nth_Ugly_num.cpp">
      <Filter>Source Files</Filter>
    </ClCompile>
    <ClCompile Include="Numbe of square that can fit inside right isosceles triangle.cpp">
      <Filter>Source Files</Filter>
    </ClCompile>
    <ClCompile Include="Partition to K Equal Sum Subsets.cpp">
      <Filter>Source Files</Filter>
    </ClCompile>
    <ClCompile Include="Serialize and Deserialize Binary Tree.cpp">
      <Filter>Source Files</Filter>
    </ClCompile>
    <ClCompile Include="Source.cpp">
      <Filter>Source Files</Filter>
    </ClCompile>
    <ClCompile Include="SuperUglyNumber.cpp">
      <Filter>Source Files</Filter>
    </ClCompile>
    <ClCompile Include="Time needed to inform all employee.cpp">
      <Filter>Source Files</Filter>
    </ClCompile>
    <ClCompile Include="Verifying an Alien Dictionary.cpp">
      <Filter>Source Files</Filter>
    </ClCompile>
  </ItemGroup>
</Project>